
Microsoft Visual Studio Solution File, Format Version 12.00
# Visual Studio Version 16
VisualStudioVersion = 16.0.29326.143
MinimumVisualStudioVersion = 10.0.40219.1
Project("{6EC3EE1D-3C4E-46DD-8F32-0CC8E7565705}") = "micro", "micro.fsproj", "{9420265C-D51C-4C78-896D-A6877EC60C0A}"
EndProject
Project("{8BC9CEB8-8B4A-11D0-8D11-00A0C91BC942}") = "Interpreter", "..\Interpreter\Interpreter.vcxproj", "{8C7B6C3A-5924-4D4E-BEB3-64EAA01942E5}"
EndProject
Global
	GlobalSection(SolutionConfigurationPlatforms) = preSolution
		Debug|Any CPU = Debug|Any CPU
		Debug|x64 = Debug|x64
		Debug|x86 = Debug|x86
		Release|Any CPU = Release|Any CPU
		Release|x64 = Release|x64
		Release|x86 = Release|x86
	EndGlobalSection
	GlobalSection(ProjectConfigurationPlatforms) = postSolution
		{9420265C-D51C-4C78-896D-A6877EC60C0A}.Debug|Any CPU.ActiveCfg = Debug|Any CPU
		{9420265C-D51C-4C78-896D-A6877EC60C0A}.Debug|Any CPU.Build.0 = Debug|Any CPU
		{9420265C-D51C-4C78-896D-A6877EC60C0A}.Debug|x64.ActiveCfg = Debug|Any CPU
		{9420265C-D51C-4C78-896D-A6877EC60C0A}.Debug|x64.Build.0 = Debug|Any CPU
		{9420265C-D51C-4C78-896D-A6877EC60C0A}.Debug|x86.ActiveCfg = Debug|Any CPU
		{9420265C-D51C-4C78-896D-A6877EC60C0A}.Debug|x86.Build.0 = Debug|Any CPU
		{9420265C-D51C-4C78-896D-A6877EC60C0A}.Release|Any CPU.ActiveCfg = Release|Any CPU
		{9420265C-D51C-4C78-896D-A6877EC60C0A}.Release|Any CPU.Build.0 = Release|Any CPU
		{9420265C-D51C-4C78-896D-A6877EC60C0A}.Release|x64.ActiveCfg = Release|Any CPU
		{9420265C-D51C-4C78-896D-A6877EC60C0A}.Release|x64.Build.0 = Release|Any CPU
		{9420265C-D51C-4C78-896D-A6877EC60C0A}.Release|x86.ActiveCfg = Release|Any CPU
		{9420265C-D51C-4C78-896D-A6877EC60C0A}.Release|x86.Build.0 = Release|Any CPU
		{8C7B6C3A-5924-4D4E-BEB3-64EAA01942E5}.Debug|Any CPU.ActiveCfg = Debug|Win32
		{8C7B6C3A-5924-4D4E-BEB3-64EAA01942E5}.Debug|x64.ActiveCfg = Debug|x64
		{8C7B6C3A-5924-4D4E-BEB3-64EAA01942E5}.Debug|x64.Build.0 = Debug|x64
		{8C7B6C3A-5924-4D4E-BEB3-64EAA01942E5}.Debug|x86.ActiveCfg = Debug|Win32
		{8C7B6C3A-5924-4D4E-BEB3-64EAA01942E5}.Debug|x86.Build.0 = Debug|Win32
		{8C7B6C3A-5924-4D4E-BEB3-64EAA01942E5}.Release|Any CPU.ActiveCfg = Release|Win32
		{8C7B6C3A-5924-4D4E-BEB3-64EAA01942E5}.Release|x64.ActiveCfg = Release|x64
		{8C7B6C3A-5924-4D4E-BEB3-64EAA01942E5}.Release|x64.Build.0 = Release|x64
		{8C7B6C3A-5924-4D4E-BEB3-64EAA01942E5}.Release|x86.ActiveCfg = Release|Win32
		{8C7B6C3A-5924-4D4E-BEB3-64EAA01942E5}.Release|x86.Build.0 = Release|Win32
	EndGlobalSection
	GlobalSection(SolutionProperties) = preSolution
		HideSolutionNode = FALSE
	EndGlobalSection
	GlobalSection(ExtensibilityGlobals) = postSolution
		SolutionGuid = {1F1EB53D-E671-4958-B6C9-D4E36EDBDEEF}
	EndGlobalSection
EndGlobal
